<?xml version="1.0" encoding="utf-8"?>
<Project ToolsVersion="4.0" xmlns="http://schemas.microsoft.com/developer/msbuild/2003">
  <ItemGroup>
    <Filter Include="Source Files">
      <UniqueIdentifier>{4FC737F1-C7A5-4376-A066-2A32D752A2FF}</UniqueIdentifier>
      <Extensions>cpp;c;cc;cxx;def;odl;idl;hpj;bat;asm;asmx</Extensions>
    </Filter>
    <Filter Include="Header Files">
      <UniqueIdentifier>{93995380-89BD-4b04-88EB-625FBE52EBFB}</UniqueIdentifier>
      <Extensions>h;hh;hpp;hxx;hm;inl;inc;ipp;xsd</Extensions>
    </Filter>
    <Filter Include="Resource Files">
      <UniqueIdentifier>{67DA6AB6-F800-4c08-8B7A-83BB121AAD01}</UniqueIdentifier>
      <Extensions>rc;ico;cur;bmp;dlg;rc2;rct;bin;rgs;gif;jpg;jpeg;jpe;resx;tiff;tif;png;wav;mfcribbon-ms</Extensions>
    </Filter>
    <Filter Include="Source Files\client">
      <UniqueIdentifier>{e1df55f1-5441-41a0-9f3e-3905dbb6a8d5}</UniqueIdentifier>
    </Filter>
    <Filter Include="Source Files\qcommon">
      <UniqueIdentifier>{b892d77e-b2ae-43db-80f7-c2b9eadf8ca4}</UniqueIdentifier>
    </Filter>
    <Filter Include="Source Files\platform">
      <UniqueIdentifier>{7920d40a-78e5-4fba-b4cc-d7812222d0d2}</UniqueIdentifier>
    </Filter>
    <Filter Include="Source Files\system">
      <UniqueIdentifier>{584c1cf3-aab4-4a8d-a514-af5a0b34930b}</UniqueIdentifier>
    </Filter>
  </ItemGroup>
  <ItemGroup>
    <ClCompile Include="..\..\..\code\client\cl_avi.c">
      <Filter>Source Files\client</Filter>
    </ClCompile>
    <ClCompile Include="..\..\..\code\client\cl_cgame.c">
      <Filter>Source Files\client</Filter>
    </ClCompile>
    <ClCompile Include="..\..\..\code\client\cl_cin.c">
      <Filter>Source Files\client</Filter>
    </ClCompile>
    <ClCompile Include="..\..\..\code\client\cl_console.c">
      <Filter>Source Files\client</Filter>
    </ClCompile>
    <ClCompile Include="..\..\..\code\client\cl_curl.c">
      <Filter>Source Files\client</Filter>
    </ClCompile>
    <ClCompile Include="..\..\..\code\client\cl_input.c">
      <Filter>Source Files\client</Filter>
    </ClCompile>
    <ClCompile Include="..\..\..\code\client\cl_keys.c">
      <Filter>Source Files\client</Filter>
    </ClCompile>
    <ClCompile Include="..\..\..\code\client\cl_main.c">
      <Filter>Source Files\client</Filter>
    </ClCompile>
    <ClCompile Include="..\..\..\code\client\cl_net_chan.c">
      <Filter>Source Files\client</Filter>
    </ClCompile>
    <ClCompile Include="..\..\..\code\client\cl_parse.c">
      <Filter>Source Files\client</Filter>
    </ClCompile>
    <ClCompile Include="..\..\..\code\client\cl_scrn.c">
      <Filter>Source Files\client</Filter>
    </ClCompile>
    <ClCompile Include="..\..\..\code\client\cl_ui.c">
      <Filter>Source Files\client</Filter>
    </ClCompile>
    <ClCompile Include="..\..\..\code\client\libmumblelink.c">
      <Filter>Source Files\client</Filter>
    </ClCompile>
    <ClCompile Include="..\..\..\code\client\qal.c">
      <Filter>Source Files\client</Filter>
    </ClCompile>
    <ClCompile Include="..\..\..\code\client\snd_adpcm.c">
      <Filter>Source Files\client</Filter>
    </ClCompile>
    <ClCompile Include="..\..\..\code\client\snd_codec.c">
      <Filter>Source Files\client</Filter>
    </ClCompile>
    <ClCompile Include="..\..\..\code\client\snd_codec_ogg.c">
      <Filter>Source Files\client</Filter>
    </ClCompile>
    <ClCompile Include="..\..\..\code\client\snd_codec_opus.c">
      <Filter>Source Files\client</Filter>
    </ClCompile>
    <ClCompile Include="..\..\..\code\client\snd_codec_wav.c">
      <Filter>Source Files\client</Filter>
    </ClCompile>
    <ClCompile Include="..\..\..\code\client\snd_dma.c">
      <Filter>Source Files\client</Filter>
    </ClCompile>
    <ClCompile Include="..\..\..\code\client\snd_main.c">
      <Filter>Source Files\client</Filter>
    </ClCompile>
    <ClCompile Include="..\..\..\code\client\snd_mem.c">
      <Filter>Source Files\client</Filter>
    </ClCompile>
    <ClCompile Include="..\..\..\code\client\snd_mix.c">
      <Filter>Source Files\client</Filter>
    </ClCompile>
    <ClCompile Include="..\..\..\code\client\snd_openal.c">
      <Filter>Source Files\client</Filter>
    </ClCompile>
    <ClCompile Include="..\..\..\code\client\snd_wavelet.c">
      <Filter>Source Files\client</Filter>
    </ClCompile>
    <ClCompile Include="..\..\..\code\qcommon\cm_load.c">
      <Filter>Source Files\qcommon</Filter>
    </ClCompile>
    <ClCompile Include="..\..\..\code\qcommon\cm_patch.c">
      <Filter>Source Files\qcommon</Filter>
    </ClCompile>
    <ClCompile Include="..\..\..\code\qcommon\cm_polylib.c">
      <Filter>Source Files\qcommon</Filter>
    </ClCompile>
    <ClCompile Include="..\..\..\code\qcommon\cm_test.c">
      <Filter>Source Files\qcommon</Filter>
    </ClCompile>
    <ClCompile Include="..\..\..\code\qcommon\cm_trace.c">
      <Filter>Source Files\qcommon</Filter>
    </ClCompile>
    <ClCompile Include="..\..\..\code\qcommon\cmd.c">
      <Filter>Source Files\qcommon</Filter>
    </ClCompile>
    <ClCompile Include="..\..\..\code\qcommon\common.c">
      <Filter>Source Files\qcommon</Filter>
    </ClCompile>
    <ClCompile Include="..\..\..\code\qcommon\con_log.c">
      <Filter>Source Files\qcommon</Filter>
    </ClCompile>
    <ClCompile Include="..\..\..\code\qcommon\cvar.c">
      <Filter>Source Files\qcommon</Filter>
    </ClCompile>
    <ClCompile Include="..\..\..\code\qcommon\files.c">
      <Filter>Source Files\qcommon</Filter>
    </ClCompile>
    <ClCompile Include="..\..\..\code\qcommon\huffman.c">
      <Filter>Source Files\qcommon</Filter>
    </ClCompile>
    <ClCompile Include="..\..\..\code\qcommon\ioapi.c">
      <Filter>Source Files\qcommon</Filter>
    </ClCompile>
    <ClCompile Include="..\..\..\code\qcommon\md4.c">
      <Filter>Source Files\qcommon</Filter>
    </ClCompile>
    <ClCompile Include="..\..\..\code\qcommon\md5.c">
      <Filter>Source Files\qcommon</Filter>
    </ClCompile>
    <ClCompile Include="..\..\..\code\qcommon\msg.c">
      <Filter>Source Files\qcommon</Filter>
    </ClCompile>
    <ClCompile Include="..\..\..\code\qcommon\net_chan.c">
      <Filter>Source Files\qcommon</Filter>
    </ClCompile>
    <ClCompile Include="..\..\..\code\qcommon\net_ip.c">
      <Filter>Source Files\qcommon</Filter>
    </ClCompile>
    <ClCompile Include="..\..\..\code\qcommon\puff.c">
      <Filter>Source Files\qcommon</Filter>
    </ClCompile>
    <ClCompile Include="..\..\..\code\qcommon\q_math.c">
      <Filter>Source Files\qcommon</Filter>
    </ClCompile>
    <ClCompile Include="..\..\..\code\qcommon\q_shared.c">
      <Filter>Source Files\qcommon</Filter>
    </ClCompile>
    <ClCompile Include="..\..\..\code\qcommon\snapvector.c">
      <Filter>Source Files\qcommon</Filter>
    </ClCompile>
    <ClCompile Include="..\..\..\code\qcommon\unzip.c">
      <Filter>Source Files\qcommon</Filter>
    </ClCompile>
    <ClCompile Include="..\..\..\code\qcommon\vm.c">
      <Filter>Source Files\qcommon</Filter>
    </ClCompile>
    <ClCompile Include="..\..\..\code\qcommon\vm_interpreted.c">
      <Filter>Source Files\qcommon</Filter>
    </ClCompile>
    <ClCompile Include="..\..\..\code\qcommon\vm_x86.c">
      <Filter>Source Files\qcommon</Filter>
    </ClCompile>
    <ClCompile Include="..\..\..\code\sdl\win_create_window.c">
      <Filter>Source Files\platform</Filter>
    </ClCompile>
    <ClCompile Include="..\..\..\code\sdl\win_gamma.c">
      <Filter>Source Files\platform</Filter>
    </ClCompile>
    <ClCompile Include="..\..\..\code\sdl\win_input.c">
      <Filter>Source Files\platform</Filter>
    </ClCompile>
    <ClCompile Include="..\..\..\code\sdl\win_log.c">
      <Filter>Source Files\platform</Filter>
    </ClCompile>
    <ClCompile Include="..\..\..\code\sdl\win_main.c">
      <Filter>Source Files\platform</Filter>
    </ClCompile>
    <ClCompile Include="..\..\..\code\sdl\win_snd.c">
      <Filter>Source Files\platform</Filter>
    </ClCompile>
    <ClCompile Include="..\..\..\code\sdl\win_syscon.c">
      <Filter>Source Files\platform</Filter>
    </ClCompile>
    <ClCompile Include="..\..\..\code\sdl\win_wndproc.c">
      <Filter>Source Files\platform</Filter>
    </ClCompile>
    <ClCompile Include="..\..\..\code\sys\con_passive.c">
      <Filter>Source Files\system</Filter>
    </ClCompile>
    <ClCompile Include="..\..\..\code\sys\sys_main.c">
      <Filter>Source Files\system</Filter>
    </ClCompile>
    <ClCompile Include="..\..\..\code\sys\sys_win32.c">
      <Filter>Source Files\system</Filter>
    </ClCompile>
    <ClCompile Include="..\..\..\code\sdl\sdl_snd.c">
      <Filter>Source Files\platform</Filter>
    </ClCompile>
    <ClCompile Include="..\..\..\code\sdl\sdl_input.c">
      <Filter>Source Files\platform</Filter>
    </ClCompile>
  </ItemGroup>
  <ItemGroup>
    <ClInclude Include="..\..\..\code\win32\win_sysconsole.h">
      <Filter>Header Files</Filter>
    </ClInclude>
    <ClInclude Include="..\..\..\code\win32\win_snd.h">
      <Filter>Header Files</Filter>
    </ClInclude>
    <ClInclude Include="..\..\..\code\win32\win_public.h">
      <Filter>Header Files</Filter>
    </ClInclude>
    <ClInclude Include="..\..\..\code\win32\win_net.h">
      <Filter>Header Files</Filter>
    </ClInclude>
    <ClInclude Include="..\..\..\code\win32\win_mode.h">
      <Filter>Header Files</Filter>
    </ClInclude>
    <ClInclude Include="..\..\..\code\win32\win_log.h">
      <Filter>Header Files</Filter>
    </ClInclude>
    <ClInclude Include="..\..\..\code\win32\win_input.h">
      <Filter>Header Files</Filter>
    </ClInclude>
    <ClInclude Include="..\..\..\code\win32\win_get_clipboard.h">
      <Filter>Header Files</Filter>
    </ClInclude>
    <ClInclude Include="..\..\..\code\win32\win_gamma.h">
      <Filter>Header Files</Filter>
    </ClInclude>
    <ClInclude Include="..\..\..\code\win32\win_event.h">
      <Filter>Header Files</Filter>
    </ClInclude>
    <ClInclude Include="..\..\..\code\win32\resource.h">
      <Filter>Header Files</Filter>
    </ClInclude>
  </ItemGroup>
  <ItemGroup>
    <ResourceCompile Include="..\..\..\code\sdl\winquake.rc">
      <Filter>Resource Files</Filter>
    </ResourceCompile>
  </ItemGroup>
  <ItemGroup>
    <Image Include="..\..\..\code\sdl\oa3.ico">
      <Filter>Resource Files</Filter>
    </Image>
  </ItemGroup>
</Project>